
Microsoft Visual Studio Solution File, Format Version 12.00
# Visual Studio 15
VisualStudioVersion = 15.0.27130.2003
MinimumVisualStudioVersion = 10.0.40219.1
Project("{FAE04EC0-301F-11D3-BF4B-00C04F79EFBC}") = "XamarinPractice1.Android", "XamarinPractice1\XamarinPractice1.Android\XamarinPractice1.Android.csproj", "{A5595773-DB63-4A4A-AAF0-6FB43E6B65E4}"
EndProject
Project("{FAE04EC0-301F-11D3-BF4B-00C04F79EFBC}") = "XamarinPractice1.iOS", "XamarinPractice1\XamarinPractice1.iOS\XamarinPractice1.iOS.csproj", "{02AFB633-506F-4993-AAFB-EBAD54E35DA9}"
EndProject
Project("{FAE04EC0-301F-11D3-BF4B-00C04F79EFBC}") = "XamarinPractice1.UWP", "XamarinPractice1\XamarinPractice1.UWP\XamarinPractice1.UWP.csproj", "{1903124C-AB6D-49C6-86A3-CD5784CE7C95}"
EndProject
Project("{FAE04EC0-301F-11D3-BF4B-00C04F79EFBC}") = "XamarinPractice1", "XamarinPractice1\XamarinPractice1\XamarinPractice1.csproj", "{D21B7EE5-F980-433B-BF39-E3E621EBA38D}"
EndProject
Global
	GlobalSection(SolutionConfigurationPlatforms) = preSolution
		Ad-Hoc|Any CPU = Ad-Hoc|Any CPU
		Ad-Hoc|ARM = Ad-Hoc|ARM
		Ad-Hoc|iPhone = Ad-Hoc|iPhone
		Ad-Hoc|iPhoneSimulator = Ad-Hoc|iPhoneSimulator
		Ad-Hoc|x64 = Ad-Hoc|x64
		Ad-Hoc|x86 = Ad-Hoc|x86
		AppStore|Any CPU = AppStore|Any CPU
		AppStore|ARM = AppStore|ARM
		AppStore|iPhone = AppStore|iPhone
		AppStore|iPhoneSimulator = AppStore|iPhoneSimulator
		AppStore|x64 = AppStore|x64
		AppStore|x86 = AppStore|x86
		Debug|Any CPU = Debug|Any CPU
		Debug|ARM = Debug|ARM
		Debug|iPhone = Debug|iPhone
		Debug|iPhoneSimulator = Debug|iPhoneSimulator
		Debug|x64 = Debug|x64
		Debug|x86 = Debug|x86
		Release|Any CPU = Release|Any CPU
		Release|ARM = Release|ARM
		Release|iPhone = Release|iPhone
		Release|iPhoneSimulator = Release|iPhoneSimulator
		Release|x64 = Release|x64
		Release|x86 = Release|x86
	EndGlobalSection
	GlobalSection(ProjectConfigurationPlatforms) = postSolution
		{A5595773-DB63-4A4A-AAF0-6FB43E6B65E4}.Ad-Hoc|Any CPU.ActiveCfg = Release|Any CPU
		{A5595773-DB63-4A4A-AAF0-6FB43E6B65E4}.Ad-Hoc|Any CPU.Build.0 = Release|Any CPU
		{A5595773-DB63-4A4A-AAF0-6FB43E6B65E4}.Ad-Hoc|Any CPU.Deploy.0 = Release|Any CPU
		{A5595773-DB63-4A4A-AAF0-6FB43E6B65E4}.Ad-Hoc|ARM.ActiveCfg = Release|Any CPU
		{A5595773-DB63-4A4A-AAF0-6FB43E6B65E4}.Ad-Hoc|ARM.Build.0 = Release|Any CPU
		{A5595773-DB63-4A4A-AAF0-6FB43E6B65E4}.Ad-Hoc|ARM.Deploy.0 = Release|Any CPU
		{A5595773-DB63-4A4A-AAF0-6FB43E6B65E4}.Ad-Hoc|iPhone.ActiveCfg = Release|Any CPU
		{A5595773-DB63-4A4A-AAF0-6FB43E6B65E4}.Ad-Hoc|iPhone.Build.0 = Release|Any CPU
		{A5595773-DB63-4A4A-AAF0-6FB43E6B65E4}.Ad-Hoc|iPhone.Deploy.0 = Release|Any CPU
		{A5595773-DB63-4A4A-AAF0-6FB43E6B65E4}.Ad-Hoc|iPhoneSimulator.ActiveCfg = Release|Any CPU
		{A5595773-DB63-4A4A-AAF0-6FB43E6B65E4}.Ad-Hoc|iPhoneSimulator.Build.0 = Release|Any CPU
		{A5595773-DB63-4A4A-AAF0-6FB43E6B65E4}.Ad-Hoc|iPhoneSimulator.Deploy.0 = Release|Any CPU
		{A5595773-DB63-4A4A-AAF0-6FB43E6B65E4}.Ad-Hoc|x64.ActiveCfg = Release|Any CPU
		{A5595773-DB63-4A4A-AAF0-6FB43E6B65E4}.Ad-Hoc|x64.Build.0 = Release|Any CPU
		{A5595773-DB63-4A4A-AAF0-6FB43E6B65E4}.Ad-Hoc|x64.Deploy.0 = Release|Any CPU
		{A5595773-DB63-4A4A-AAF0-6FB43E6B65E4}.Ad-Hoc|x86.ActiveCfg = Release|Any CPU
		{A5595773-DB63-4A4A-AAF0-6FB43E6B65E4}.Ad-Hoc|x86.Build.0 = Release|Any CPU
		{A5595773-DB63-4A4A-AAF0-6FB43E6B65E4}.Ad-Hoc|x86.Deploy.0 = Release|Any CPU
		{A5595773-DB63-4A4A-AAF0-6FB43E6B65E4}.AppStore|Any CPU.ActiveCfg = Release|Any CPU
		{A5595773-DB63-4A4A-AAF0-6FB43E6B65E4}.AppStore|Any CPU.Build.0 = Release|Any CPU
		{A5595773-DB63-4A4A-AAF0-6FB43E6B65E4}.AppStore|Any CPU.Deploy.0 = Release|Any CPU
		{A5595773-DB63-4A4A-AAF0-6FB43E6B65E4}.AppStore|ARM.ActiveCfg = Release|Any CPU
		{A5595773-DB63-4A4A-AAF0-6FB43E6B65E4}.AppStore|ARM.Build.0 = Release|Any CPU
		{A5595773-DB63-4A4A-AAF0-6FB43E6B65E4}.AppStore|ARM.Deploy.0 = Release|Any CPU
		{A5595773-DB63-4A4A-AAF0-6FB43E6B65E4}.AppStore|iPhone.ActiveCfg = Release|Any CPU
		{A5595773-DB63-4A4A-AAF0-6FB43E6B65E4}.AppStore|iPhone.Build.0 = Release|Any CPU
		{A5595773-DB63-4A4A-AAF0-6FB43E6B65E4}.AppStore|iPhone.Deploy.0 = Release|Any CPU
		{A5595773-DB63-4A4A-AAF0-6FB43E6B65E4}.AppStore|iPhoneSimulator.ActiveCfg = Release|Any CPU
		{A5595773-DB63-4A4A-AAF0-6FB43E6B65E4}.AppStore|iPhoneSimulator.Build.0 = Release|Any CPU
		{A5595773-DB63-4A4A-AAF0-6FB43E6B65E4}.AppStore|iPhoneSimulator.Deploy.0 = Release|Any CPU
		{A5595773-DB63-4A4A-AAF0-6FB43E6B65E4}.AppStore|x64.ActiveCfg = Release|Any CPU
		{A5595773-DB63-4A4A-AAF0-6FB43E6B65E4}.AppStore|x64.Build.0 = Release|Any CPU
		{A5595773-DB63-4A4A-AAF0-6FB43E6B65E4}.AppStore|x64.Deploy.0 = Release|Any CPU
		{A5595773-DB63-4A4A-AAF0-6FB43E6B65E4}.AppStore|x86.ActiveCfg = Release|Any CPU
		{A5595773-DB63-4A4A-AAF0-6FB43E6B65E4}.AppStore|x86.Build.0 = Release|Any CPU
		{A5595773-DB63-4A4A-AAF0-6FB43E6B65E4}.AppStore|x86.Deploy.0 = Release|Any CPU
		{A5595773-DB63-4A4A-AAF0-6FB43E6B65E4}.Debug|Any CPU.ActiveCfg = Debug|Any CPU
		{A5595773-DB63-4A4A-AAF0-6FB43E6B65E4}.Debug|Any CPU.Build.0 = Debug|Any CPU
		{A5595773-DB63-4A4A-AAF0-6FB43E6B65E4}.Debug|Any CPU.Deploy.0 = Debug|Any CPU
		{A5595773-DB63-4A4A-AAF0-6FB43E6B65E4}.Debug|ARM.ActiveCfg = Debug|Any CPU
		{A5595773-DB63-4A4A-AAF0-6FB43E6B65E4}.Debug|ARM.Build.0 = Debug|Any CPU
		{A5595773-DB63-4A4A-AAF0-6FB43E6B65E4}.Debug|ARM.Deploy.0 = Debug|Any CPU
		{A5595773-DB63-4A4A-AAF0-6FB43E6B65E4}.Debug|iPhone.ActiveCfg = Debug|Any CPU
		{A5595773-DB63-4A4A-AAF0-6FB43E6B65E4}.Debug|iPhone.Build.0 = Debug|Any CPU
		{A5595773-DB63-4A4A-AAF0-6FB43E6B65E4}.Debug|iPhone.Deploy.0 = Debug|Any CPU
		{A5595773-DB63-4A4A-AAF0-6FB43E6B65E4}.Debug|iPhoneSimulator.ActiveCfg = Debug|Any CPU
		{A5595773-DB63-4A4A-AAF0-6FB43E6B65E4}.Debug|iPhoneSimulator.Build.0 = Debug|Any CPU
		{A5595773-DB63-4A4A-AAF0-6FB43E6B65E4}.Debug|iPhoneSimulator.Deploy.0 = Debug|Any CPU
		{A5595773-DB63-4A4A-AAF0-6FB43E6B65E4}.Debug|x64.ActiveCfg = Debug|Any CPU
		{A5595773-DB63-4A4A-AAF0-6FB43E6B65E4}.Debug|x64.Build.0 = Debug|Any CPU
		{A5595773-DB63-4A4A-AAF0-6FB43E6B65E4}.Debug|x64.Deploy.0 = Debug|Any CPU
		{A5595773-DB63-4A4A-AAF0-6FB43E6B65E4}.Debug|x86.ActiveCfg = Debug|Any CPU
		{A5595773-DB63-4A4A-AAF0-6FB43E6B65E4}.Debug|x86.Build.0 = Debug|Any CPU
		{A5595773-DB63-4A4A-AAF0-6FB43E6B65E4}.Debug|x86.Deploy.0 = Debug|Any CPU
		{A5595773-DB63-4A4A-AAF0-6FB43E6B65E4}.Release|Any CPU.ActiveCfg = Release|Any CPU
		{A5595773-DB63-4A4A-AAF0-6FB43E6B65E4}.Release|Any CPU.Build.0 = Release|Any CPU
		{A5595773-DB63-4A4A-AAF0-6FB43E6B65E4}.Release|Any CPU.Deploy.0 = Release|Any CPU
		{A5595773-DB63-4A4A-AAF0-6FB43E6B65E4}.Release|ARM.ActiveCfg = Release|Any CPU
		{A5595773-DB63-4A4A-AAF0-6FB43E6B65E4}.Release|ARM.Build.0 = Release|Any CPU
		{A5595773-DB63-4A4A-AAF0-6FB43E6B65E4}.Release|ARM.Deploy.0 = Release|Any CPU
		{A5595773-DB63-4A4A-AAF0-6FB43E6B65E4}.Release|iPhone.ActiveCfg = Release|Any CPU
		{A5595773-DB63-4A4A-AAF0-6FB43E6B65E4}.Release|iPhone.Build.0 = Release|Any CPU
		{A5595773-DB63-4A4A-AAF0-6FB43E6B65E4}.Release|iPhone.Deploy.0 = Release|Any CPU
		{A5595773-DB63-4A4A-AAF0-6FB43E6B65E4}.Release|iPhoneSimulator.ActiveCfg = Release|Any CPU
		{A5595773-DB63-4A4A-AAF0-6FB43E6B65E4}.Release|iPhoneSimulator.Build.0 = Release|Any CPU
		{A5595773-DB63-4A4A-AAF0-6FB43E6B65E4}.Release|iPhoneSimulator.Deploy.0 = Release|Any CPU
		{A5595773-DB63-4A4A-AAF0-6FB43E6B65E4}.Release|x64.ActiveCfg = Release|Any CPU
		{A5595773-DB63-4A4A-AAF0-6FB43E6B65E4}.Release|x64.Build.0 = Release|Any CPU
		{A5595773-DB63-4A4A-AAF0-6FB43E6B65E4}.Release|x64.Deploy.0 = Release|Any CPU
		{A5595773-DB63-4A4A-AAF0-6FB43E6B65E4}.Release|x86.ActiveCfg = Release|Any CPU
		{A5595773-DB63-4A4A-AAF0-6FB43E6B65E4}.Release|x86.Build.0 = Release|Any CPU
		{A5595773-DB63-4A4A-AAF0-6FB43E6B65E4}.Release|x86.Deploy.0 = Release|Any CPU
		{02AFB633-506F-4993-AAFB-EBAD54E35DA9}.Ad-Hoc|Any CPU.ActiveCfg = Ad-Hoc|iPhone
		{02AFB633-506F-4993-AAFB-EBAD54E35DA9}.Ad-Hoc|ARM.ActiveCfg = Ad-Hoc|iPhone
		{02AFB633-506F-4993-AAFB-EBAD54E35DA9}.Ad-Hoc|iPhone.ActiveCfg = Ad-Hoc|iPhone
		{02AFB633-506F-4993-AAFB-EBAD54E35DA9}.Ad-Hoc|iPhone.Build.0 = Ad-Hoc|iPhone
		{02AFB633-506F-4993-AAFB-EBAD54E35DA9}.Ad-Hoc|iPhoneSimulator.ActiveCfg = Ad-Hoc|iPhoneSimulator
		{02AFB633-506F-4993-AAFB-EBAD54E35DA9}.Ad-Hoc|iPhoneSimulator.Build.0 = Ad-Hoc|iPhoneSimulator
		{02AFB633-506F-4993-AAFB-EBAD54E35DA9}.Ad-Hoc|x64.ActiveCfg = Ad-Hoc|iPhone
		{02AFB633-506F-4993-AAFB-EBAD54E35DA9}.Ad-Hoc|x86.ActiveCfg = Ad-Hoc|iPhone
		{02AFB633-506F-4993-AAFB-EBAD54E35DA9}.AppStore|Any CPU.ActiveCfg = AppStore|iPhone
		{02AFB633-506F-4993-AAFB-EBAD54E35DA9}.AppStore|ARM.ActiveCfg = AppStore|iPhone
		{02AFB633-506F-4993-AAFB-EBAD54E35DA9}.AppStore|iPhone.ActiveCfg = AppStore|iPhone
		{02AFB633-506F-4993-AAFB-EBAD54E35DA9}.AppStore|iPhone.Build.0 = AppStore|iPhone
		{02AFB633-506F-4993-AAFB-EBAD54E35DA9}.AppStore|iPhoneSimulator.ActiveCfg = AppStore|iPhoneSimulator
		{02AFB633-506F-4993-AAFB-EBAD54E35DA9}.AppStore|iPhoneSimulator.Build.0 = AppStore|iPhoneSimulator
		{02AFB633-506F-4993-AAFB-EBAD54E35DA9}.AppStore|x64.ActiveCfg = AppStore|iPhone
		{02AFB633-506F-4993-AAFB-EBAD54E35DA9}.AppStore|x86.ActiveCfg = AppStore|iPhone
		{02AFB633-506F-4993-AAFB-EBAD54E35DA9}.Debug|Any CPU.ActiveCfg = Debug|iPhone
		{02AFB633-506F-4993-AAFB-EBAD54E35DA9}.Debug|ARM.ActiveCfg = Debug|iPhone
		{02AFB633-506F-4993-AAFB-EBAD54E35DA9}.Debug|iPhone.ActiveCfg = Debug|iPhone
		{02AFB633-506F-4993-AAFB-EBAD54E35DA9}.Debug|iPhone.Build.0 = Debug|iPhone
		{02AFB633-506F-4993-AAFB-EBAD54E35DA9}.Debug|iPhoneSimulator.ActiveCfg = Debug|iPhoneSimulator
		{02AFB633-506F-4993-AAFB-EBAD54E35DA9}.Debug|iPhoneSimulator.Build.0 = Debug|iPhoneSimulator
		{02AFB633-506F-4993-AAFB-EBAD54E35DA9}.Debug|x64.ActiveCfg = Debug|iPhone
		{02AFB633-506F-4993-AAFB-EBAD54E35DA9}.Debug|x86.ActiveCfg = Debug|iPhone
		{02AFB633-506F-4993-AAFB-EBAD54E35DA9}.Release|Any CPU.ActiveCfg = Release|iPhone
		{02AFB633-506F-4993-AAFB-EBAD54E35DA9}.Release|ARM.ActiveCfg = Release|iPhone
		{02AFB633-506F-4993-AAFB-EBAD54E35DA9}.Release|iPhone.ActiveCfg = Release|iPhone
		{02AFB633-506F-4993-AAFB-EBAD54E35DA9}.Release|iPhone.Build.0 = Release|iPhone
		{02AFB633-506F-4993-AAFB-EBAD54E35DA9}.Release|iPhoneSimulator.ActiveCfg = Release|iPhoneSimulator
		{02AFB633-506F-4993-AAFB-EBAD54E35DA9}.Release|iPhoneSimulator.Build.0 = Release|iPhoneSimulator
		{02AFB633-506F-4993-AAFB-EBAD54E35DA9}.Release|x64.ActiveCfg = Release|iPhone
		{02AFB633-506F-4993-AAFB-EBAD54E35DA9}.Release|x86.ActiveCfg = Release|iPhone
		{1903124C-AB6D-49C6-86A3-CD5784CE7C95}.Ad-Hoc|Any CPU.ActiveCfg = Release|x86
		{1903124C-AB6D-49C6-86A3-CD5784CE7C95}.Ad-Hoc|Any CPU.Build.0 = Release|x86
		{1903124C-AB6D-49C6-86A3-CD5784CE7C95}.Ad-Hoc|Any CPU.Deploy.0 = Release|x86
		{1903124C-AB6D-49C6-86A3-CD5784CE7C95}.Ad-Hoc|ARM.ActiveCfg = Release|ARM
		{1903124C-AB6D-49C6-86A3-CD5784CE7C95}.Ad-Hoc|ARM.Build.0 = Release|ARM
		{1903124C-AB6D-49C6-86A3-CD5784CE7C95}.Ad-Hoc|ARM.Deploy.0 = Release|ARM
		{1903124C-AB6D-49C6-86A3-CD5784CE7C95}.Ad-Hoc|iPhone.ActiveCfg = Release|x86
		{1903124C-AB6D-49C6-86A3-CD5784CE7C95}.Ad-Hoc|iPhone.Build.0 = Release|x86
		{1903124C-AB6D-49C6-86A3-CD5784CE7C95}.Ad-Hoc|iPhone.Deploy.0 = Release|x86
		{1903124C-AB6D-49C6-86A3-CD5784CE7C95}.Ad-Hoc|iPhoneSimulator.ActiveCfg = Release|x86
		{1903124C-AB6D-49C6-86A3-CD5784CE7C95}.Ad-Hoc|iPhoneSimulator.Build.0 = Release|x86
		{1903124C-AB6D-49C6-86A3-CD5784CE7C95}.Ad-Hoc|iPhoneSimulator.Deploy.0 = Release|x86
		{1903124C-AB6D-49C6-86A3-CD5784CE7C95}.Ad-Hoc|x64.ActiveCfg = Release|x64
		{1903124C-AB6D-49C6-86A3-CD5784CE7C95}.Ad-Hoc|x64.Build.0 = Release|x64
		{1903124C-AB6D-49C6-86A3-CD5784CE7C95}.Ad-Hoc|x64.Deploy.0 = Release|x64
		{1903124C-AB6D-49C6-86A3-CD5784CE7C95}.Ad-Hoc|x86.ActiveCfg = Release|x86
		{1903124C-AB6D-49C6-86A3-CD5784CE7C95}.Ad-Hoc|x86.Build.0 = Release|x86
		{1903124C-AB6D-49C6-86A3-CD5784CE7C95}.Ad-Hoc|x86.Deploy.0 = Release|x86
		{1903124C-AB6D-49C6-86A3-CD5784CE7C95}.AppStore|Any CPU.ActiveCfg = Release|x86
		{1903124C-AB6D-49C6-86A3-CD5784CE7C95}.AppStore|Any CPU.Build.0 = Release|x86
		{1903124C-AB6D-49C6-86A3-CD5784CE7C95}.AppStore|Any CPU.Deploy.0 = Release|x86
		{1903124C-AB6D-49C6-86A3-CD5784CE7C95}.AppStore|ARM.ActiveCfg = Release|ARM
		{1903124C-AB6D-49C6-86A3-CD5784CE7C95}.AppStore|ARM.Build.0 = Release|ARM
		{1903124C-AB6D-49C6-86A3-CD5784CE7C95}.AppStore|ARM.Deploy.0 = Release|ARM
		{1903124C-AB6D-49C6-86A3-CD5784CE7C95}.AppStore|iPhone.ActiveCfg = Release|x86
		{1903124C-AB6D-49C6-86A3-CD5784CE7C95}.AppStore|iPhone.Build.0 = Release|x86
		{1903124C-AB6D-49C6-86A3-CD5784CE7C95}.AppStore|iPhone.Deploy.0 = Release|x86
		{1903124C-AB6D-49C6-86A3-CD5784CE7C95}.AppStore|iPhoneSimulator.ActiveCfg = Release|x86
		{1903124C-AB6D-49C6-86A3-CD5784CE7C95}.AppStore|iPhoneSimulator.Build.0 = Release|x86
		{1903124C-AB6D-49C6-86A3-CD5784CE7C95}.AppStore|iPhoneSimulator.Deploy.0 = Release|x86
		{1903124C-AB6D-49C6-86A3-CD5784CE7C95}.AppStore|x64.ActiveCfg = Release|x64
		{1903124C-AB6D-49C6-86A3-CD5784CE7C95}.AppStore|x64.Build.0 = Release|x64
		{1903124C-AB6D-49C6-86A3-CD5784CE7C95}.AppStore|x64.Deploy.0 = Release|x64
		{1903124C-AB6D-49C6-86A3-CD5784CE7C95}.AppStore|x86.ActiveCfg = Release|x86
		{1903124C-AB6D-49C6-86A3-CD5784CE7C95}.AppStore|x86.Build.0 = Release|x86
		{1903124C-AB6D-49C6-86A3-CD5784CE7C95}.AppStore|x86.Deploy.0 = Release|x86
		{1903124C-AB6D-49C6-86A3-CD5784CE7C95}.Debug|Any CPU.ActiveCfg = Debug|x86
		{1903124C-AB6D-49C6-86A3-CD5784CE7C95}.Debug|ARM.ActiveCfg = Debug|ARM
		{1903124C-AB6D-49C6-86A3-CD5784CE7C95}.Debug|ARM.Build.0 = Debug|ARM
		{1903124C-AB6D-49C6-86A3-CD5784CE7C95}.Debug|ARM.Deploy.0 = Debug|ARM
		{1903124C-AB6D-49C6-86A3-CD5784CE7C95}.Debug|iPhone.ActiveCfg = Debug|x86
		{1903124C-AB6D-49C6-86A3-CD5784CE7C95}.Debug|iPhoneSimulator.ActiveCfg = Debug|x86
		{1903124C-AB6D-49C6-86A3-CD5784CE7C95}.Debug|x64.ActiveCfg = Debug|x64
		{1903124C-AB6D-49C6-86A3-CD5784CE7C95}.Debug|x64.Build.0 = Debug|x64
		{1903124C-AB6D-49C6-86A3-CD5784CE7C95}.Debug|x64.Deploy.0 = Debug|x64
		{1903124C-AB6D-49C6-86A3-CD5784CE7C95}.Debug|x86.ActiveCfg = Debug|x86
		{1903124C-AB6D-49C6-86A3-CD5784CE7C95}.Debug|x86.Build.0 = Debug|x86
		{1903124C-AB6D-49C6-86A3-CD5784CE7C95}.Debug|x86.Deploy.0 = Debug|x86
		{1903124C-AB6D-49C6-86A3-CD5784CE7C95}.Release|Any CPU.ActiveCfg = Release|x86
		{1903124C-AB6D-49C6-86A3-CD5784CE7C95}.Release|ARM.ActiveCfg = Release|ARM
		{1903124C-AB6D-49C6-86A3-CD5784CE7C95}.Release|ARM.Build.0 = Release|ARM
		{1903124C-AB6D-49C6-86A3-CD5784CE7C95}.Release|ARM.Deploy.0 = Release|ARM
		{1903124C-AB6D-49C6-86A3-CD5784CE7C95}.Release|iPhone.ActiveCfg = Release|x86
		{1903124C-AB6D-49C6-86A3-CD5784CE7C95}.Release|iPhoneSimulator.ActiveCfg = Release|x86
		{1903124C-AB6D-49C6-86A3-CD5784CE7C95}.Release|x64.ActiveCfg = Release|x64
		{1903124C-AB6D-49C6-86A3-CD5784CE7C95}.Release|x64.Build.0 = Release|x64
		{1903124C-AB6D-49C6-86A3-CD5784CE7C95}.Release|x64.Deploy.0 = Release|x64
		{1903124C-AB6D-49C6-86A3-CD5784CE7C95}.Release|x86.ActiveCfg = Release|x86
		{1903124C-AB6D-49C6-86A3-CD5784CE7C95}.Release|x86.Build.0 = Release|x86
		{1903124C-AB6D-49C6-86A3-CD5784CE7C95}.Release|x86.Deploy.0 = Release|x86
		{D21B7EE5-F980-433B-BF39-E3E621EBA38D}.Ad-Hoc|Any CPU.ActiveCfg = Debug|Any CPU
		{D21B7EE5-F980-433B-BF39-E3E621EBA38D}.Ad-Hoc|Any CPU.Build.0 = Debug|Any CPU
		{D21B7EE5-F980-433B-BF39-E3E621EBA38D}.Ad-Hoc|ARM.ActiveCfg = Debug|Any CPU
		{D21B7EE5-F980-433B-BF39-E3E621EBA38D}.Ad-Hoc|ARM.Build.0 = Debug|Any CPU
		{D21B7EE5-F980-433B-BF39-E3E621EBA38D}.Ad-Hoc|iPhone.ActiveCfg = Debug|Any CPU
		{D21B7EE5-F980-433B-BF39-E3E621EBA38D}.Ad-Hoc|iPhone.Build.0 = Debug|Any CPU
		{D21B7EE5-F980-433B-BF39-E3E621EBA38D}.Ad-Hoc|iPhoneSimulator.ActiveCfg = Debug|Any CPU
		{D21B7EE5-F980-433B-BF39-E3E621EBA38D}.Ad-Hoc|iPhoneSimulator.Build.0 = Debug|Any CPU
		{D21B7EE5-F980-433B-BF39-E3E621EBA38D}.Ad-Hoc|x64.ActiveCfg = Debug|Any CPU
		{D21B7EE5-F980-433B-BF39-E3E621EBA38D}.Ad-Hoc|x64.Build.0 = Debug|Any CPU
		{D21B7EE5-F980-433B-BF39-E3E621EBA38D}.Ad-Hoc|x86.ActiveCfg = Debug|Any CPU
		{D21B7EE5-F980-433B-BF39-E3E621EBA38D}.Ad-Hoc|x86.Build.0 = Debug|Any CPU
		{D21B7EE5-F980-433B-BF39-E3E621EBA38D}.AppStore|Any CPU.ActiveCfg = Debug|Any CPU
		{D21B7EE5-F980-433B-BF39-E3E621EBA38D}.AppStore|Any CPU.Build.0 = Debug|Any CPU
		{D21B7EE5-F980-433B-BF39-E3E621EBA38D}.AppStore|ARM.ActiveCfg = Debug|Any CPU
		{D21B7EE5-F980-433B-BF39-E3E621EBA38D}.AppStore|ARM.Build.0 = Debug|Any CPU
		{D21B7EE5-F980-433B-BF39-E3E621EBA38D}.AppStore|iPhone.ActiveCfg = Debug|Any CPU
		{D21B7EE5-F980-433B-BF39-E3E621EBA38D}.AppStore|iPhone.Build.0 = Debug|Any CPU
		{D21B7EE5-F980-433B-BF39-E3E621EBA38D}.AppStore|iPhoneSimulator.ActiveCfg = Debug|Any CPU
		{D21B7EE5-F980-433B-BF39-E3E621EBA38D}.AppStore|iPhoneSimulator.Build.0 = Debug|Any CPU
		{D21B7EE5-F980-433B-BF39-E3E621EBA38D}.AppStore|x64.ActiveCfg = Debug|Any CPU
		{D21B7EE5-F980-433B-BF39-E3E621EBA38D}.AppStore|x64.Build.0 = Debug|Any CPU
		{D21B7EE5-F980-433B-BF39-E3E621EBA38D}.AppStore|x86.ActiveCfg = Debug|Any CPU
		{D21B7EE5-F980-433B-BF39-E3E621EBA38D}.AppStore|x86.Build.0 = Debug|Any CPU
		{D21B7EE5-F980-433B-BF39-E3E621EBA38D}.Debug|Any CPU.ActiveCfg = Debug|Any CPU
		{D21B7EE5-F980-433B-BF39-E3E621EBA38D}.Debug|Any CPU.Build.0 = Debug|Any CPU
		{D21B7EE5-F980-433B-BF39-E3E621EBA38D}.Debug|ARM.ActiveCfg = Debug|Any CPU
		{D21B7EE5-F980-433B-BF39-E3E621EBA38D}.Debug|ARM.Build.0 = Debug|Any CPU
		{D21B7EE5-F980-433B-BF39-E3E621EBA38D}.Debug|iPhone.ActiveCfg = Debug|Any CPU
		{D21B7EE5-F980-433B-BF39-E3E621EBA38D}.Debug|iPhone.Build.0 = Debug|Any CPU
		{D21B7EE5-F980-433B-BF39-E3E621EBA38D}.Debug|iPhoneSimulator.ActiveCfg = Debug|Any CPU
		{D21B7EE5-F980-433B-BF39-E3E621EBA38D}.Debug|iPhoneSimulator.Build.0 = Debug|Any CPU
		{D21B7EE5-F980-433B-BF39-E3E621EBA38D}.Debug|x64.ActiveCfg = Debug|Any CPU
		{D21B7EE5-F980-433B-BF39-E3E621EBA38D}.Debug|x64.Build.0 = Debug|Any CPU
		{D21B7EE5-F980-433B-BF39-E3E621EBA38D}.Debug|x86.ActiveCfg = Debug|Any CPU
		{D21B7EE5-F980-433B-BF39-E3E621EBA38D}.Debug|x86.Build.0 = Debug|Any CPU
		{D21B7EE5-F980-433B-BF39-E3E621EBA38D}.Release|Any CPU.ActiveCfg = Release|Any CPU
		{D21B7EE5-F980-433B-BF39-E3E621EBA38D}.Release|Any CPU.Build.0 = Release|Any CPU
		{D21B7EE5-F980-433B-BF39-E3E621EBA38D}.Release|ARM.ActiveCfg = Release|Any CPU
		{D21B7EE5-F980-433B-BF39-E3E621EBA38D}.Release|ARM.Build.0 = Release|Any CPU
		{D21B7EE5-F980-433B-BF39-E3E621EBA38D}.Release|iPhone.ActiveCfg = Release|Any CPU
		{D21B7EE5-F980-433B-BF39-E3E621EBA38D}.Release|iPhone.Build.0 = Release|Any CPU
		{D21B7EE5-F980-433B-BF39-E3E621EBA38D}.Release|iPhoneSimulator.ActiveCfg = Release|Any CPU
		{D21B7EE5-F980-433B-BF39-E3E621EBA38D}.Release|iPhoneSimulator.Build.0 = Release|Any CPU
		{D21B7EE5-F980-433B-BF39-E3E621EBA38D}.Release|x64.ActiveCfg = Release|Any CPU
		{D21B7EE5-F980-433B-BF39-E3E621EBA38D}.Release|x64.Build.0 = Release|Any CPU
		{D21B7EE5-F980-433B-BF39-E3E621EBA38D}.Release|x86.ActiveCfg = Release|Any CPU
		{D21B7EE5-F980-433B-BF39-E3E621EBA38D}.Release|x86.Build.0 = Release|Any CPU
	EndGlobalSection
	GlobalSection(SolutionProperties) = preSolution
		HideSolutionNode = FALSE
	EndGlobalSection
	GlobalSection(ExtensibilityGlobals) = postSolution
		SolutionGuid = {653E7E69-BE6D-4D9D-ADF9-02A7C20767B7}
	EndGlobalSection
EndGlobal
